
Microsoft Visual Studio Solution File, Format Version 12.00
# Visual Studio Version 17
VisualStudioVersion = 17.8.34322.80
MinimumVisualStudioVersion = 10.0.40219.1
Project("{2150E333-8FDC-42A3-9474-1A3956D46DE8}") = "Services", "Services", "{FC0D82AD-54B0-42BE-AB99-C4450937BB13}"
EndProject
Project("{2150E333-8FDC-42A3-9474-1A3956D46DE8}") = "Catalog", "Catalog", "{67801D54-C1AA-4CD1-AD10-56EB780B39E5}"
EndProject
Project("{9A19103F-16F7-4668-BE54-9A1E7A4F7556}") = "Catalog.API", "Services\Catalog\Catalog.API\Catalog.API.csproj", "{228DF486-8786-4FB4-8610-1873D6488D0C}"
EndProject
Project("{2150E333-8FDC-42A3-9474-1A3956D46DE8}") = "Shared", "Shared", "{00AE0639-4053-44DF-9331-B76D7D3E1B67}"
EndProject
Project("{9A19103F-16F7-4668-BE54-9A1E7A4F7556}") = "Shared", "Shared\Shared\Shared.csproj", "{280F63D9-FB41-4CFC-958C-E4C107463632}"
EndProject
Project("{E53339B2-1760-4266-BCC7-CA923CBCF16C}") = "docker-compose", "docker-compose.dcproj", "{4FBB1C27-30E5-47E8-BABC-063BC331E1C6}"
EndProject
Project("{2150E333-8FDC-42A3-9474-1A3956D46DE8}") = "Basket", "Basket", "{6E0B308E-A586-435E-89CB-2F536F51C6CE}"
EndProject
Project("{9A19103F-16F7-4668-BE54-9A1E7A4F7556}") = "Basket.API", "Services\Basket\Basket.API\Basket.API.csproj", "{3BF0BABA-3069-431E-9D0A-9BFE4A62058E}"
EndProject
Project("{2150E333-8FDC-42A3-9474-1A3956D46DE8}") = "Discount", "Discount", "{83F4828C-6BE2-42A7-B5B6-A4F521247A95}"
EndProject
Project("{9A19103F-16F7-4668-BE54-9A1E7A4F7556}") = "Discount", "Services\Discount\Discount\Discount.csproj", "{B538326A-AD00-4EA2-AAA3-D3273308FC7B}"
EndProject
Project("{2150E333-8FDC-42A3-9474-1A3956D46DE8}") = "Ordering", "Ordering", "{BBD8A2A8-63BC-4DA0-B1D0-938D3B3F66F8}"
EndProject
Project("{FAE04EC0-301F-11D3-BF4B-00C04F79EFBC}") = "Ordering.API", "Services\Ordering\Ordering.API\Ordering.API.csproj", "{3C44D769-B9B6-448F-9EA5-81FD6F0E09D0}"
EndProject
Project("{FAE04EC0-301F-11D3-BF4B-00C04F79EFBC}") = "Ordering.Domain", "Services\Ordering\Ordering.Domain\Ordering.Domain.csproj", "{344AB761-1326-493F-B2FA-F4E837FD14C9}"
EndProject
Project("{FAE04EC0-301F-11D3-BF4B-00C04F79EFBC}") = "Ordering.Infrastructure", "Services\Ordering\Ordering.Infrastructure\Ordering.Infrastructure.csproj", "{D7DE021A-4EFE-4F2A-9A48-46BB81F77096}"
EndProject
Project("{FAE04EC0-301F-11D3-BF4B-00C04F79EFBC}") = "Ordering.Application", "Services\Ordering\Ordering.Application\Ordering.Application.csproj", "{074F4272-9D9C-4D2B-8552-5BFED214B56D}"
EndProject
Global
	GlobalSection(SolutionConfigurationPlatforms) = preSolution
		Debug|Any CPU = Debug|Any CPU
		Release|Any CPU = Release|Any CPU
	EndGlobalSection
	GlobalSection(ProjectConfigurationPlatforms) = postSolution
		{228DF486-8786-4FB4-8610-1873D6488D0C}.Debug|Any CPU.ActiveCfg = Debug|Any CPU
		{228DF486-8786-4FB4-8610-1873D6488D0C}.Debug|Any CPU.Build.0 = Debug|Any CPU
		{228DF486-8786-4FB4-8610-1873D6488D0C}.Release|Any CPU.ActiveCfg = Release|Any CPU
		{228DF486-8786-4FB4-8610-1873D6488D0C}.Release|Any CPU.Build.0 = Release|Any CPU
		{280F63D9-FB41-4CFC-958C-E4C107463632}.Debug|Any CPU.ActiveCfg = Debug|Any CPU
		{280F63D9-FB41-4CFC-958C-E4C107463632}.Debug|Any CPU.Build.0 = Debug|Any CPU
		{280F63D9-FB41-4CFC-958C-E4C107463632}.Release|Any CPU.ActiveCfg = Release|Any CPU
		{280F63D9-FB41-4CFC-958C-E4C107463632}.Release|Any CPU.Build.0 = Release|Any CPU
		{4FBB1C27-30E5-47E8-BABC-063BC331E1C6}.Debug|Any CPU.ActiveCfg = Debug|Any CPU
		{4FBB1C27-30E5-47E8-BABC-063BC331E1C6}.Debug|Any CPU.Build.0 = Debug|Any CPU
		{4FBB1C27-30E5-47E8-BABC-063BC331E1C6}.Release|Any CPU.ActiveCfg = Release|Any CPU
		{4FBB1C27-30E5-47E8-BABC-063BC331E1C6}.Release|Any CPU.Build.0 = Release|Any CPU
		{3BF0BABA-3069-431E-9D0A-9BFE4A62058E}.Debug|Any CPU.ActiveCfg = Debug|Any CPU
		{3BF0BABA-3069-431E-9D0A-9BFE4A62058E}.Debug|Any CPU.Build.0 = Debug|Any CPU
		{3BF0BABA-3069-431E-9D0A-9BFE4A62058E}.Release|Any CPU.ActiveCfg = Release|Any CPU
		{3BF0BABA-3069-431E-9D0A-9BFE4A62058E}.Release|Any CPU.Build.0 = Release|Any CPU
		{B538326A-AD00-4EA2-AAA3-D3273308FC7B}.Debug|Any CPU.ActiveCfg = Debug|Any CPU
		{B538326A-AD00-4EA2-AAA3-D3273308FC7B}.Debug|Any CPU.Build.0 = Debug|Any CPU
		{B538326A-AD00-4EA2-AAA3-D3273308FC7B}.Release|Any CPU.ActiveCfg = Release|Any CPU
		{B538326A-AD00-4EA2-AAA3-D3273308FC7B}.Release|Any CPU.Build.0 = Release|Any CPU
		{3C44D769-B9B6-448F-9EA5-81FD6F0E09D0}.Debug|Any CPU.ActiveCfg = Debug|Any CPU
		{3C44D769-B9B6-448F-9EA5-81FD6F0E09D0}.Debug|Any CPU.Build.0 = Debug|Any CPU
		{3C44D769-B9B6-448F-9EA5-81FD6F0E09D0}.Release|Any CPU.ActiveCfg = Release|Any CPU
		{3C44D769-B9B6-448F-9EA5-81FD6F0E09D0}.Release|Any CPU.Build.0 = Release|Any CPU
		{344AB761-1326-493F-B2FA-F4E837FD14C9}.Debug|Any CPU.ActiveCfg = Debug|Any CPU
		{344AB761-1326-493F-B2FA-F4E837FD14C9}.Debug|Any CPU.Build.0 = Debug|Any CPU
		{344AB761-1326-493F-B2FA-F4E837FD14C9}.Release|Any CPU.ActiveCfg = Release|Any CPU
		{344AB761-1326-493F-B2FA-F4E837FD14C9}.Release|Any CPU.Build.0 = Release|Any CPU
		{D7DE021A-4EFE-4F2A-9A48-46BB81F77096}.Debug|Any CPU.ActiveCfg = Debug|Any CPU
		{D7DE021A-4EFE-4F2A-9A48-46BB81F77096}.Debug|Any CPU.Build.0 = Debug|Any CPU
		{D7DE021A-4EFE-4F2A-9A48-46BB81F77096}.Release|Any CPU.ActiveCfg = Release|Any CPU
		{D7DE021A-4EFE-4F2A-9A48-46BB81F77096}.Release|Any CPU.Build.0 = Release|Any CPU
		{074F4272-9D9C-4D2B-8552-5BFED214B56D}.Debug|Any CPU.ActiveCfg = Debug|Any CPU
		{074F4272-9D9C-4D2B-8552-5BFED214B56D}.Debug|Any CPU.Build.0 = Debug|Any CPU
		{074F4272-9D9C-4D2B-8552-5BFED214B56D}.Release|Any CPU.ActiveCfg = Release|Any CPU
		{074F4272-9D9C-4D2B-8552-5BFED214B56D}.Release|Any CPU.Build.0 = Release|Any CPU
	EndGlobalSection
	GlobalSection(SolutionProperties) = preSolution
		HideSolutionNode = FALSE
	EndGlobalSection
	GlobalSection(NestedProjects) = preSolution
		{67801D54-C1AA-4CD1-AD10-56EB780B39E5} = {FC0D82AD-54B0-42BE-AB99-C4450937BB13}
		{228DF486-8786-4FB4-8610-1873D6488D0C} = {67801D54-C1AA-4CD1-AD10-56EB780B39E5}
		{280F63D9-FB41-4CFC-958C-E4C107463632} = {00AE0639-4053-44DF-9331-B76D7D3E1B67}
		{6E0B308E-A586-435E-89CB-2F536F51C6CE} = {FC0D82AD-54B0-42BE-AB99-C4450937BB13}
		{3BF0BABA-3069-431E-9D0A-9BFE4A62058E} = {6E0B308E-A586-435E-89CB-2F536F51C6CE}
		{83F4828C-6BE2-42A7-B5B6-A4F521247A95} = {FC0D82AD-54B0-42BE-AB99-C4450937BB13}
		{B538326A-AD00-4EA2-AAA3-D3273308FC7B} = {83F4828C-6BE2-42A7-B5B6-A4F521247A95}
		{BBD8A2A8-63BC-4DA0-B1D0-938D3B3F66F8} = {FC0D82AD-54B0-42BE-AB99-C4450937BB13}
		{3C44D769-B9B6-448F-9EA5-81FD6F0E09D0} = {BBD8A2A8-63BC-4DA0-B1D0-938D3B3F66F8}
		{344AB761-1326-493F-B2FA-F4E837FD14C9} = {BBD8A2A8-63BC-4DA0-B1D0-938D3B3F66F8}
		{D7DE021A-4EFE-4F2A-9A48-46BB81F77096} = {BBD8A2A8-63BC-4DA0-B1D0-938D3B3F66F8}
		{074F4272-9D9C-4D2B-8552-5BFED214B56D} = {BBD8A2A8-63BC-4DA0-B1D0-938D3B3F66F8}
	EndGlobalSection
	GlobalSection(ExtensibilityGlobals) = postSolution
		SolutionGuid = {3FAFD329-0975-453D-AED8-4023C2DE21D2}
	EndGlobalSection
EndGlobal
