
Microsoft Visual Studio Solution File, Format Version 12.00
# Visual Studio Version 17
VisualStudioVersion = 17.8.34322.80
MinimumVisualStudioVersion = 10.0.40219.1
Project("{2150E333-8FDC-42A3-9474-1A3956D46DE8}") = "Services", "Services", "{FC0D82AD-54B0-42BE-AB99-C4450937BB13}"
EndProject
Project("{2150E333-8FDC-42A3-9474-1A3956D46DE8}") = "Catalog", "Catalog", "{67801D54-C1AA-4CD1-AD10-56EB780B39E5}"
EndProject
Project("{9A19103F-16F7-4668-BE54-9A1E7A4F7556}") = "Catalog.API", "Services\Catalog\Catalog.API\Catalog.API.csproj", "{228DF486-8786-4FB4-8610-1873D6488D0C}"
EndProject
Project("{2150E333-8FDC-42A3-9474-1A3956D46DE8}") = "Shared", "Shared", "{00AE0639-4053-44DF-9331-B76D7D3E1B67}"
EndProject
Project("{9A19103F-16F7-4668-BE54-9A1E7A4F7556}") = "Shared", "Shared\Shared\Shared.csproj", "{280F63D9-FB41-4CFC-958C-E4C107463632}"
EndProject
Project("{E53339B2-1760-4266-BCC7-CA923CBCF16C}") = "docker-compose", "docker-compose.dcproj", "{4FBB1C27-30E5-47E8-BABC-063BC331E1C6}"
EndProject
Project("{2150E333-8FDC-42A3-9474-1A3956D46DE8}") = "Basket", "Basket", "{6E0B308E-A586-435E-89CB-2F536F51C6CE}"
EndProject
Project("{FAE04EC0-301F-11D3-BF4B-00C04F79EFBC}") = "Basket.API", "Services\Basket\Basket.API\Basket.API.csproj", "{3BF0BABA-3069-431E-9D0A-9BFE4A62058E}"
EndProject
Global
	GlobalSection(SolutionConfigurationPlatforms) = preSolution
		Debug|Any CPU = Debug|Any CPU
		Release|Any CPU = Release|Any CPU
	EndGlobalSection
	GlobalSection(ProjectConfigurationPlatforms) = postSolution
		{228DF486-8786-4FB4-8610-1873D6488D0C}.Debug|Any CPU.ActiveCfg = Debug|Any CPU
		{228DF486-8786-4FB4-8610-1873D6488D0C}.Debug|Any CPU.Build.0 = Debug|Any CPU
		{228DF486-8786-4FB4-8610-1873D6488D0C}.Release|Any CPU.ActiveCfg = Release|Any CPU
		{228DF486-8786-4FB4-8610-1873D6488D0C}.Release|Any CPU.Build.0 = Release|Any CPU
		{280F63D9-FB41-4CFC-958C-E4C107463632}.Debug|Any CPU.ActiveCfg = Debug|Any CPU
		{280F63D9-FB41-4CFC-958C-E4C107463632}.Debug|Any CPU.Build.0 = Debug|Any CPU
		{280F63D9-FB41-4CFC-958C-E4C107463632}.Release|Any CPU.ActiveCfg = Release|Any CPU
		{280F63D9-FB41-4CFC-958C-E4C107463632}.Release|Any CPU.Build.0 = Release|Any CPU
		{4FBB1C27-30E5-47E8-BABC-063BC331E1C6}.Debug|Any CPU.ActiveCfg = Debug|Any CPU
		{4FBB1C27-30E5-47E8-BABC-063BC331E1C6}.Debug|Any CPU.Build.0 = Debug|Any CPU
		{4FBB1C27-30E5-47E8-BABC-063BC331E1C6}.Release|Any CPU.ActiveCfg = Release|Any CPU
		{4FBB1C27-30E5-47E8-BABC-063BC331E1C6}.Release|Any CPU.Build.0 = Release|Any CPU
		{3BF0BABA-3069-431E-9D0A-9BFE4A62058E}.Debug|Any CPU.ActiveCfg = Debug|Any CPU
		{3BF0BABA-3069-431E-9D0A-9BFE4A62058E}.Debug|Any CPU.Build.0 = Debug|Any CPU
		{3BF0BABA-3069-431E-9D0A-9BFE4A62058E}.Release|Any CPU.ActiveCfg = Release|Any CPU
		{3BF0BABA-3069-431E-9D0A-9BFE4A62058E}.Release|Any CPU.Build.0 = Release|Any CPU
	EndGlobalSection
	GlobalSection(SolutionProperties) = preSolution
		HideSolutionNode = FALSE
	EndGlobalSection
	GlobalSection(NestedProjects) = preSolution
		{67801D54-C1AA-4CD1-AD10-56EB780B39E5} = {FC0D82AD-54B0-42BE-AB99-C4450937BB13}
		{228DF486-8786-4FB4-8610-1873D6488D0C} = {67801D54-C1AA-4CD1-AD10-56EB780B39E5}
		{280F63D9-FB41-4CFC-958C-E4C107463632} = {00AE0639-4053-44DF-9331-B76D7D3E1B67}
		{6E0B308E-A586-435E-89CB-2F536F51C6CE} = {FC0D82AD-54B0-42BE-AB99-C4450937BB13}
		{3BF0BABA-3069-431E-9D0A-9BFE4A62058E} = {6E0B308E-A586-435E-89CB-2F536F51C6CE}
	EndGlobalSection
	GlobalSection(ExtensibilityGlobals) = postSolution
		SolutionGuid = {3FAFD329-0975-453D-AED8-4023C2DE21D2}
	EndGlobalSection
EndGlobal
